<?xml version="1.0" encoding="utf-8"?>
<Project ToolsVersion="4.0" xmlns="http://schemas.microsoft.com/developer/msbuild/2003">
  <ItemGroup>
    <FxCompile Include="Resources\Shader\BasicGeometryShader.hlsl" />
    <FxCompile Include="Resources\Shader\BoxFilter.PS.hlsl" />
    <FxCompile Include="Resources\Shader\DepthBasedOutline.PS.hlsl" />
    <FxCompile Include="Resources\Shader\Dissolve.PS.hlsl" />
    <FxCompile Include="Resources\Shader\EmitParticle.CS.hlsl" />
    <FxCompile Include="Resources\Shader\FullScreen.PS.hlsl" />
    <FxCompile Include="Resources\Shader\FullScreen.VS.hlsl" />
    <FxCompile Include="Resources\Shader\GaussianFilter.PS.hlsl" />
    <FxCompile Include="Resources\Shader\GPUParticle.PS.hlsl" />
    <FxCompile Include="Resources\Shader\GPUParticle.VS.hlsl" />
    <FxCompile Include="Resources\Shader\Grayscale.PS.hlsl" />
    <FxCompile Include="Resources\Shader\LuminanceBasedOutline.PS.hlsl" />
    <FxCompile Include="Resources\Shader\obj.PS.hlsl" />
    <FxCompile Include="Resources\Shader\obj.VS.hlsl" />
    <FxCompile Include="Resources\Shader\Particle.CS.hlsl" />
    <FxCompile Include="Resources\Shader\Particle.PS.hlsl" />
    <FxCompile Include="Resources\Shader\Particle.VS.hlsl" />
    <FxCompile Include="Resources\Shader\Primitive.VS.hlsl" />
    <FxCompile Include="Resources\Shader\Primitive.PS.hlsl" />
    <FxCompile Include="Resources\Shader\RadialBlur.PS.hlsl" />
    <FxCompile Include="Resources\Shader\Random.PS.hlsl" />
    <FxCompile Include="Resources\Shader\Skinning.CS.hlsl" />
    <FxCompile Include="Resources\Shader\SkinningObject3d.VS.hlsl" />
    <FxCompile Include="Resources\Shader\Sprite.PS.hlsl" />
    <FxCompile Include="Resources\Shader\Sprite.VS.hlsl" />
    <FxCompile Include="Resources\Shader\ToHSV.PS.hlsl" />
    <FxCompile Include="Resources\Shader\UpdateParticle.CS.hlsl" />
    <FxCompile Include="Resources\Shader\Vignette.PS.hlsl" />
  </ItemGroup>
  <ItemGroup>
    <ClCompile Include="Game\Scenes\BaseScene.cpp" />
    <ClCompile Include="Engine\3D\DebugCamera.cpp" />
    <ClCompile Include="Engine\base\Audio.cpp" />
    <ClCompile Include="Engine\3D\EmitterManager.cpp" />
    <ClCompile Include="Engine\Framework.cpp" />
    <ClCompile Include="Engine\base\ConvertString.cpp" />
    <ClCompile Include="Engine\base\DirectXCommon.cpp" />
    <ClCompile Include="Engine\3D\DirectionalLight.cpp" />
    <ClCompile Include="Game\Scenes\GameScene.cpp" />
    <ClCompile Include="Engine\base\GraphicsPipelineState.cpp" />
    <ClCompile Include="Engine\2D\ImGuiManager.cpp" />
    <ClCompile Include="externals\imgui\imgui.cpp" />
    <ClCompile Include="externals\imgui\imgui_demo.cpp" />
    <ClCompile Include="externals\imgui\imgui_draw.cpp" />
    <ClCompile Include="externals\imgui\imgui_impl_dx12.cpp" />
    <ClCompile Include="externals\imgui\imgui_impl_win32.cpp" />
    <ClCompile Include="externals\imgui\imgui_tables.cpp" />
    <ClCompile Include="externals\imgui\imgui_widgets.cpp" />
    <ClCompile Include="Engine\Input\Input.cpp" />
    <ClCompile Include="Engine\3D\LightGroup.cpp" />
    <ClCompile Include="main.cpp" />
    <ClCompile Include="Engine\3D\MainCamera.cpp" />
    <ClCompile Include="Engine\3D\Material.cpp" />
    <ClCompile Include="Engine\3D\Mesh.cpp" />
    <ClCompile Include="Engine\3D\Model.cpp" />
    <ClCompile Include="math\Mymath.cpp" />
    <ClCompile Include="Engine\base\TextureManager.cpp" />
    <ClCompile Include="Engine\3D\ViewProjection.cpp" />
    <ClCompile Include="Engine\base\WinApp.cpp" />
    <ClCompile Include="Engine\3D\WorldTransform.cpp" />
    <ClCompile Include="Engine\2D\Sprite.cpp" />
    <ClCompile Include="Engine\3D\Particle.cpp" />
    <ClCompile Include="Engine\3D\ObjectColor.cpp" />
    <ClCompile Include="Engine\base\SrvManager.cpp" />
    <ClCompile Include="Engine\3D\PointLight.cpp" />
    <ClCompile Include="Engine\3D\SpotLight.cpp" />
    <ClCompile Include="Engine\3D\Primitive.cpp" />
    <ClCompile Include="Engine\base\SerialToArduino.cpp" />
    <ClCompile Include="Engine\3D\ParticleManager.cpp" />
    <ClCompile Include="Game\MyGame.cpp" />
    <ClCompile Include="Game\Scenes\TitleScene.cpp" />
    <ClCompile Include="Game\Scenes\SceneManager.cpp" />
    <ClCompile Include="Game\Scenes\SceneFactory.cpp" />
    <ClCompile Include="Game\CSVLoader\CSVLoader.cpp" />
    <ClCompile Include="Game\Objects\Player\Player.cpp" />
    <ClCompile Include="Game\MapChipField\MapChipField.cpp" />
    <ClCompile Include="Game\Objects\Blocks\Blocks.cpp" />
    <ClCompile Include="Game\Objects\GravityArrow\GravityArrow.cpp" />
    <ClCompile Include="Game\Objects\CollisionManager\Collider.cpp" />
    <ClCompile Include="Game\Objects\BaseCharacter.cpp" />
    <ClCompile Include="Game\Objects\CollisionManager\CollisionManager.cpp" />
    <ClCompile Include="Game\Objects\Enemy\Enemy.cpp" />
    <ClCompile Include="Game\Objects\Goal\Goal.cpp" />
    <ClCompile Include="Game\DeltaTime\DeltaTime.cpp" />
    <ClCompile Include="Game\Scenes\ResultScene.cpp" />
    <ClCompile Include="Game\Scenes\StageSelectScene.cpp" />
    <ClCompile Include="Game\Objects\PlayerBullet\PlayerBullet.cpp" />
  </ItemGroup>
  <ItemGroup>
    <ClInclude Include="Game\Scenes\AbstractSceneFactory.h" />
    <ClInclude Include="Game\Scenes\BaseScene.h" />
    <ClInclude Include="Engine\3D\DebugCamera.h" />
    <ClInclude Include="Engine\base\Audio.h" />
    <ClInclude Include="Engine\3D\EmitterManager.h" />
    <ClInclude Include="Engine\Framework.h" />
    <ClInclude Include="Engine\base\ConvertString.h" />
    <ClInclude Include="Engine\base\DirectXCommon.h" />
    <ClInclude Include="Engine\3D\DirectionalLight.h" />
    <ClInclude Include="Game\Scenes\GameScene.h" />
    <ClInclude Include="Engine\base\GraphicsPipelineState.h" />
    <ClInclude Include="Engine\2D\ImGuiManager.h" />
    <ClInclude Include="externals\imgui\imconfig.h" />
    <ClInclude Include="externals\imgui\imgui.h" />
    <ClInclude Include="externals\imgui\imgui_impl_dx12.h" />
    <ClInclude Include="externals\imgui\imgui_impl_win32.h" />
    <ClInclude Include="externals\imgui\imgui_internal.h" />
    <ClInclude Include="externals\imgui\imstb_rectpack.h" />
    <ClInclude Include="externals\imgui\imstb_textedit.h" />
    <ClInclude Include="externals\imgui\imstb_truetype.h" />
    <ClInclude Include="Engine\3D\MainCamera.h" />
    <ClInclude Include="Engine\3D\Material.h" />
    <ClInclude Include="Engine\Input\Input.h" />
    <ClInclude Include="Engine\3D\LightGroup.h" />
    <ClInclude Include="math\mathShapes.h" />
    <ClInclude Include="math\Matrix4x4.h" />
    <ClInclude Include="Engine\3D\Mesh.h" />
    <ClInclude Include="Engine\3D\Model.h" />
    <ClInclude Include="math\Color.h" />
    <ClInclude Include="math\Mymath.h" />
    <ClInclude Include="Engine\base\TextureManager.h" />
    <ClInclude Include="math\Vector2.h" />
    <ClInclude Include="math\Vector3.h" />
    <ClInclude Include="math\Vector4.h" />
    <ClInclude Include="Engine\3D\ViewProjection.h" />
    <ClInclude Include="Engine\base\WinApp.h" />
    <ClInclude Include="Engine\3D\WorldTransform.h" />
    <ClInclude Include="Engine\2D\Sprite.h" />
    <ClInclude Include="Engine\3D\Particle.h" />
    <ClInclude Include="Engine\3D\ObjectColor.h" />
    <ClInclude Include="Engine\base\SrvManager.h" />
    <ClInclude Include="Engine\3D\PointLight.h" />
    <ClInclude Include="Engine\3D\SpotLight.h" />
    <ClInclude Include="Engine\3D\Primitive.h" />
    <ClInclude Include="Engine\base\SerialToArduino.h" />
    <ClInclude Include="Engine\3D\ParticleManager.h" />
    <ClInclude Include="Game\MyGame.h" />
    <ClInclude Include="Game\Scenes\TitleScene.h" />
    <ClInclude Include="Game\Scenes\SceneManager.h" />
    <ClInclude Include="Game\Scenes\SceneFactory.h" />
    <ClInclude Include="Game\CSVLoader\CSVLoader.h" />
    <ClInclude Include="Game\Objects\Player\Player.h" />
    <ClInclude Include="Game\MapChipField\MapChipField.h" />
    <ClInclude Include="math\Easing.h" />
    <ClInclude Include="Game\Objects\Blocks\Blocks.h" />
    <ClInclude Include="Game\Objects\GravityArrow\GravityArrow.h" />
    <ClInclude Include="Game\Objects\CollisionManager\Collider.h" />
    <ClInclude Include="Game\Objects\BaseCharacter.h" />
    <ClInclude Include="Game\Objects\CollisionManager\CollisionManager.h" />
    <ClInclude Include="Game\Objects\Enemy\Enemy.h" />
    <ClInclude Include="Game\Objects\Goal\Goal.h" />
    <ClInclude Include="Game\DeltaTime\DeltaTime.h" />
    <ClInclude Include="Game\Scenes\ResultScene.h" />
    <ClInclude Include="Game\Scenes\StageSelectScene.h" />
    <ClInclude Include="Game\Objects\PlayerBullet\PlayerBullet.h" />
  </ItemGroup>
  <ItemGroup>
    <None Include="Resources\Shader\FullScreen.hlsli" />
    <None Include="Resources\Shader\Mymath.hlsli" />
    <None Include="Resources\Shader\obj3d.hlsli" />
    <None Include="Resources\Shader\Particle.hlsli" />
    <None Include="Resources\Shader\Primitive.hlsli" />
    <None Include="Resources\Shader\Random.hlsli" />
    <None Include="Resources\Shader\Skybox.hlsli" />
    <None Include="Resources\Shader\Skybox.PS.hlsl" />
    <None Include="Resources\Shader\Skybox.VS.hlsl" />
    <None Include="Resources\Shader\Sprite.hlsli" />
    <None Include="Resources\Map1.csv" />
    <None Include="Resources\Map2.csv" />
  </ItemGroup>
  <ItemGroup>
    <Text Include="externals\imgui\LICENSE.txt" />
  </ItemGroup>
</Project>